
Microsoft Visual Studio Solution File, Format Version 11.00
# Visual C++ Express 2010
Project("{8BC9CEB8-8B4A-11D0-8D11-00A0C91BC942}") = "链表pra", "链表pra\链表pra.vcxproj", "{56819026-5D63-4F92-86CD-756114B5563F}"
EndProject
Global
	GlobalSection(SolutionConfigurationPlatforms) = preSolution
		Debug|Win32 = Debug|Win32
		Release|Win32 = Release|Win32
	EndGlobalSection
	GlobalSection(ProjectConfigurationPlatforms) = postSolution
		{56819026-5D63-4F92-86CD-756114B5563F}.Debug|Win32.ActiveCfg = Debug|Win32
		{56819026-5D63-4F92-86CD-756114B5563F}.Debug|Win32.Build.0 = Debug|Win32
		{56819026-5D63-4F92-86CD-756114B5563F}.Release|Win32.ActiveCfg = Release|Win32
		{56819026-5D63-4F92-86CD-756114B5563F}.Release|Win32.Build.0 = Release|Win32
	EndGlobalSection
	GlobalSection(SolutionProperties) = preSolution
		HideSolutionNode = FALSE
	EndGlobalSection
EndGlobal
